github.com/aws/aws-sdk-go v1.17.7 h1:/4+rDPe0W95KBmNGYCG+NUvdL8ssPYBMxL+aSCg6nIA=
github.com/aws/aws-sdk-go v1.17.7/go.mod h1:KmX6BPdI08NWTb3/sm4ZGu5ShLoqVDhKgpiN924inxo=
github.com/go-chi/chi v4.0.2+incompatible h1:maB6vn6FqCxrpz4FqWdh4+lwpyZIQS7YEAUcHlgXVRs=
github.com/go-chi/chi v4.0.2+incompatible/go.mod h1:eB3wogJHnLi3x/kFX2A+IbTBlXxmMeXJVKy9tTv1XzQ=
github.com/jmespath/go-jmespath v0.0.0-20180206201540-c2b33e8439af h1:pmfjZENx5imkbgOkpRUYLnmbU7UEFbjtDA2hxJ1ichM=
github.com/jmespath/go-jmespath v0.0.0-20180206201540-c2b33e8439af/go.mod h1:Nht3zPeWKUH0NzdCt2Blrr5ys8VGpn0CEB0cQHVjt7k=
github.com/joho/godotenv v1.3.0 h1:Zjp+RcGpHhGlrMbJzXTrZZPrWj+1vfm90La1wgB6Bhc=
github.com/joho/godotenv v1.3.0/go.mod h1:7hK45KPybAkOC6peb+G5yklZfMxEjkZhHbwpqxOKXbg=
github.com/unrolled/render v1.0.0 h1:XYtvhA3UkpB7PqkvhUFYmpKD55OudoIeygcfus4vcd4=
github.com/unrolled/render v1.0.0/go.mod h1:tu82oB5W2ykJRVioYsB+IQKcft7ryBr7w12qMBUPyXg=
